
Microsoft Visual Studio Solution File, Format Version 12.00
# Visual Studio 14
VisualStudioVersion = 14.0.25123.0
MinimumVisualStudioVersion = 10.0.40219.1
Project("{2150E333-8FDC-42A3-9474-1A3956D46DE8}") = "02-BusinessLogicLayer", "02-BusinessLogicLayer", "{A1B3FFC4-05C3-4B2E-92DA-3FBA5D1C1B70}"
EndProject
Project("{2150E333-8FDC-42A3-9474-1A3956D46DE8}") = "03-DataAccessLayer", "03-DataAccessLayer", "{B65D92F1-DCB2-4D8F-B435-8143F716D3FC}"
EndProject
Project("{2150E333-8FDC-42A3-9474-1A3956D46DE8}") = "05-Infrastructure", "05-Infrastructure", "{10AC5328-F00D-4962-8F47-4A5B3B978565}"
EndProject
Project("{2150E333-8FDC-42A3-9474-1A3956D46DE8}") = "01-UserInterface", "01-UserInterface", "{E46FFF92-732A-4567-8441-BF68E9A6F39A}"
EndProject
Project("{2150E333-8FDC-42A3-9474-1A3956D46DE8}") = "04-Domain", "04-Domain", "{E682ECA6-34BD-4A49-A413-96DAE261938D}"
EndProject
Project("{2150E333-8FDC-42A3-9474-1A3956D46DE8}") = "06-UnitTest", "06-UnitTest", "{D429DE9E-CFD8-4D5C-88CE-58AE590C662C}"
EndProject
Project("{FAE04EC0-301F-11D3-BF4B-00C04F79EFBC}") = "Model", "Model\Model.csproj", "{6AF92874-0EDE-4778-A540-8A21D1E01FDB}"
EndProject
Project("{FAE04EC0-301F-11D3-BF4B-00C04F79EFBC}") = "BLL", "BLL\BLL.csproj", "{EDA94CF6-E936-49D2-8B6E-90A0CA0AA750}"
EndProject
Project("{FAE04EC0-301F-11D3-BF4B-00C04F79EFBC}") = "SQLServerDAL", "SQLServerDAL\SQLServerDAL.csproj", "{374E2314-F189-4B4A-9737-8546D5DFAD7C}"
EndProject
Project("{FAE04EC0-301F-11D3-BF4B-00C04F79EFBC}") = "IDAL", "IDAL\IDAL.csproj", "{816C2322-7DEA-465B-B40E-8103BF4E6893}"
EndProject
Project("{FAE04EC0-301F-11D3-BF4B-00C04F79EFBC}") = "DALFactory", "DALFactory\DALFactory.csproj", "{27C1680E-0472-41A3-AF5E-8E55C70CF373}"
EndProject
Project("{FAE04EC0-301F-11D3-BF4B-00C04F79EFBC}") = "Common", "Common\Common.csproj", "{91C3C538-1035-4CD9-9F96-5BF10FAFC096}"
EndProject
Project("{FAE04EC0-301F-11D3-BF4B-00C04F79EFBC}") = "SQLServerDALTest", "SQLServerDALTest\SQLServerDALTest.csproj", "{00579609-27DA-47F7-8EA1-E8352A5D983C}"
EndProject
Project("{FAE04EC0-301F-11D3-BF4B-00C04F79EFBC}") = "BLLTest", "BLLTest\BLLTest.csproj", "{35470870-A81A-4F85-A7CA-D60F38730EF6}"
EndProject
Project("{FAE04EC0-301F-11D3-BF4B-00C04F79EFBC}") = "WebUI", "WebUI\WebUI.csproj", "{50984843-AE3C-43D4-A980-17FA15A1C530}"
EndProject
Project("{FAE04EC0-301F-11D3-BF4B-00C04F79EFBC}") = "FabViewModel", "FabViewModel\FabViewModel.csproj", "{2757CFED-2809-4B1D-B219-3F83037119CD}"
EndProject
Global
	GlobalSection(SolutionConfigurationPlatforms) = preSolution
		Debug|Any CPU = Debug|Any CPU
		Debug|Mixed Platforms = Debug|Mixed Platforms
		Debug|x86 = Debug|x86
		Release|Any CPU = Release|Any CPU
		Release|Mixed Platforms = Release|Mixed Platforms
		Release|x86 = Release|x86
	EndGlobalSection
	GlobalSection(ProjectConfigurationPlatforms) = postSolution
		{6AF92874-0EDE-4778-A540-8A21D1E01FDB}.Debug|Any CPU.ActiveCfg = Debug|Any CPU
		{6AF92874-0EDE-4778-A540-8A21D1E01FDB}.Debug|Any CPU.Build.0 = Debug|Any CPU
		{6AF92874-0EDE-4778-A540-8A21D1E01FDB}.Debug|Mixed Platforms.ActiveCfg = Debug|Any CPU
		{6AF92874-0EDE-4778-A540-8A21D1E01FDB}.Debug|Mixed Platforms.Build.0 = Debug|Any CPU
		{6AF92874-0EDE-4778-A540-8A21D1E01FDB}.Debug|x86.ActiveCfg = Debug|Any CPU
		{6AF92874-0EDE-4778-A540-8A21D1E01FDB}.Release|Any CPU.ActiveCfg = Release|Any CPU
		{6AF92874-0EDE-4778-A540-8A21D1E01FDB}.Release|Any CPU.Build.0 = Release|Any CPU
		{6AF92874-0EDE-4778-A540-8A21D1E01FDB}.Release|Mixed Platforms.ActiveCfg = Release|Any CPU
		{6AF92874-0EDE-4778-A540-8A21D1E01FDB}.Release|Mixed Platforms.Build.0 = Release|Any CPU
		{6AF92874-0EDE-4778-A540-8A21D1E01FDB}.Release|x86.ActiveCfg = Release|Any CPU
		{EDA94CF6-E936-49D2-8B6E-90A0CA0AA750}.Debug|Any CPU.ActiveCfg = Debug|Any CPU
		{EDA94CF6-E936-49D2-8B6E-90A0CA0AA750}.Debug|Any CPU.Build.0 = Debug|Any CPU
		{EDA94CF6-E936-49D2-8B6E-90A0CA0AA750}.Debug|Mixed Platforms.ActiveCfg = Debug|Any CPU
		{EDA94CF6-E936-49D2-8B6E-90A0CA0AA750}.Debug|Mixed Platforms.Build.0 = Debug|Any CPU
		{EDA94CF6-E936-49D2-8B6E-90A0CA0AA750}.Debug|x86.ActiveCfg = Debug|Any CPU
		{EDA94CF6-E936-49D2-8B6E-90A0CA0AA750}.Release|Any CPU.ActiveCfg = Release|Any CPU
		{EDA94CF6-E936-49D2-8B6E-90A0CA0AA750}.Release|Any CPU.Build.0 = Release|Any CPU
		{EDA94CF6-E936-49D2-8B6E-90A0CA0AA750}.Release|Mixed Platforms.ActiveCfg = Release|Any CPU
		{EDA94CF6-E936-49D2-8B6E-90A0CA0AA750}.Release|Mixed Platforms.Build.0 = Release|Any CPU
		{EDA94CF6-E936-49D2-8B6E-90A0CA0AA750}.Release|x86.ActiveCfg = Release|Any CPU
		{374E2314-F189-4B4A-9737-8546D5DFAD7C}.Debug|Any CPU.ActiveCfg = Debug|Any CPU
		{374E2314-F189-4B4A-9737-8546D5DFAD7C}.Debug|Any CPU.Build.0 = Debug|Any CPU
		{374E2314-F189-4B4A-9737-8546D5DFAD7C}.Debug|Mixed Platforms.ActiveCfg = Debug|Any CPU
		{374E2314-F189-4B4A-9737-8546D5DFAD7C}.Debug|Mixed Platforms.Build.0 = Debug|Any CPU
		{374E2314-F189-4B4A-9737-8546D5DFAD7C}.Debug|x86.ActiveCfg = Debug|Any CPU
		{374E2314-F189-4B4A-9737-8546D5DFAD7C}.Release|Any CPU.ActiveCfg = Release|Any CPU
		{374E2314-F189-4B4A-9737-8546D5DFAD7C}.Release|Any CPU.Build.0 = Release|Any CPU
		{374E2314-F189-4B4A-9737-8546D5DFAD7C}.Release|Mixed Platforms.ActiveCfg = Release|Any CPU
		{374E2314-F189-4B4A-9737-8546D5DFAD7C}.Release|Mixed Platforms.Build.0 = Release|Any CPU
		{374E2314-F189-4B4A-9737-8546D5DFAD7C}.Release|x86.ActiveCfg = Release|Any CPU
		{816C2322-7DEA-465B-B40E-8103BF4E6893}.Debug|Any CPU.ActiveCfg = Debug|Any CPU
		{816C2322-7DEA-465B-B40E-8103BF4E6893}.Debug|Any CPU.Build.0 = Debug|Any CPU
		{816C2322-7DEA-465B-B40E-8103BF4E6893}.Debug|Mixed Platforms.ActiveCfg = Debug|Any CPU
		{816C2322-7DEA-465B-B40E-8103BF4E6893}.Debug|Mixed Platforms.Build.0 = Debug|Any CPU
		{816C2322-7DEA-465B-B40E-8103BF4E6893}.Debug|x86.ActiveCfg = Debug|Any CPU
		{816C2322-7DEA-465B-B40E-8103BF4E6893}.Release|Any CPU.ActiveCfg = Release|Any CPU
		{816C2322-7DEA-465B-B40E-8103BF4E6893}.Release|Any CPU.Build.0 = Release|Any CPU
		{816C2322-7DEA-465B-B40E-8103BF4E6893}.Release|Mixed Platforms.ActiveCfg = Release|Any CPU
		{816C2322-7DEA-465B-B40E-8103BF4E6893}.Release|Mixed Platforms.Build.0 = Release|Any CPU
		{816C2322-7DEA-465B-B40E-8103BF4E6893}.Release|x86.ActiveCfg = Release|Any CPU
		{27C1680E-0472-41A3-AF5E-8E55C70CF373}.Debug|Any CPU.ActiveCfg = Debug|Any CPU
		{27C1680E-0472-41A3-AF5E-8E55C70CF373}.Debug|Any CPU.Build.0 = Debug|Any CPU
		{27C1680E-0472-41A3-AF5E-8E55C70CF373}.Debug|Mixed Platforms.ActiveCfg = Debug|Any CPU
		{27C1680E-0472-41A3-AF5E-8E55C70CF373}.Debug|Mixed Platforms.Build.0 = Debug|Any CPU
		{27C1680E-0472-41A3-AF5E-8E55C70CF373}.Debug|x86.ActiveCfg = Debug|Any CPU
		{27C1680E-0472-41A3-AF5E-8E55C70CF373}.Release|Any CPU.ActiveCfg = Release|Any CPU
		{27C1680E-0472-41A3-AF5E-8E55C70CF373}.Release|Any CPU.Build.0 = Release|Any CPU
		{27C1680E-0472-41A3-AF5E-8E55C70CF373}.Release|Mixed Platforms.ActiveCfg = Release|Any CPU
		{27C1680E-0472-41A3-AF5E-8E55C70CF373}.Release|Mixed Platforms.Build.0 = Release|Any CPU
		{27C1680E-0472-41A3-AF5E-8E55C70CF373}.Release|x86.ActiveCfg = Release|Any CPU
		{91C3C538-1035-4CD9-9F96-5BF10FAFC096}.Debug|Any CPU.ActiveCfg = Debug|Any CPU
		{91C3C538-1035-4CD9-9F96-5BF10FAFC096}.Debug|Any CPU.Build.0 = Debug|Any CPU
		{91C3C538-1035-4CD9-9F96-5BF10FAFC096}.Debug|Mixed Platforms.ActiveCfg = Debug|Any CPU
		{91C3C538-1035-4CD9-9F96-5BF10FAFC096}.Debug|Mixed Platforms.Build.0 = Debug|Any CPU
		{91C3C538-1035-4CD9-9F96-5BF10FAFC096}.Debug|x86.ActiveCfg = Debug|Any CPU
		{91C3C538-1035-4CD9-9F96-5BF10FAFC096}.Release|Any CPU.ActiveCfg = Release|Any CPU
		{91C3C538-1035-4CD9-9F96-5BF10FAFC096}.Release|Any CPU.Build.0 = Release|Any CPU
		{91C3C538-1035-4CD9-9F96-5BF10FAFC096}.Release|Mixed Platforms.ActiveCfg = Release|Any CPU
		{91C3C538-1035-4CD9-9F96-5BF10FAFC096}.Release|Mixed Platforms.Build.0 = Release|Any CPU
		{91C3C538-1035-4CD9-9F96-5BF10FAFC096}.Release|x86.ActiveCfg = Release|Any CPU
		{00579609-27DA-47F7-8EA1-E8352A5D983C}.Debug|Any CPU.ActiveCfg = Debug|Any CPU
		{00579609-27DA-47F7-8EA1-E8352A5D983C}.Debug|Any CPU.Build.0 = Debug|Any CPU
		{00579609-27DA-47F7-8EA1-E8352A5D983C}.Debug|Mixed Platforms.ActiveCfg = Debug|Any CPU
		{00579609-27DA-47F7-8EA1-E8352A5D983C}.Debug|Mixed Platforms.Build.0 = Debug|Any CPU
		{00579609-27DA-47F7-8EA1-E8352A5D983C}.Debug|x86.ActiveCfg = Debug|Any CPU
		{00579609-27DA-47F7-8EA1-E8352A5D983C}.Release|Any CPU.ActiveCfg = Release|Any CPU
		{00579609-27DA-47F7-8EA1-E8352A5D983C}.Release|Any CPU.Build.0 = Release|Any CPU
		{00579609-27DA-47F7-8EA1-E8352A5D983C}.Release|Mixed Platforms.ActiveCfg = Release|Any CPU
		{00579609-27DA-47F7-8EA1-E8352A5D983C}.Release|Mixed Platforms.Build.0 = Release|Any CPU
		{00579609-27DA-47F7-8EA1-E8352A5D983C}.Release|x86.ActiveCfg = Release|Any CPU
		{35470870-A81A-4F85-A7CA-D60F38730EF6}.Debug|Any CPU.ActiveCfg = Debug|Any CPU
		{35470870-A81A-4F85-A7CA-D60F38730EF6}.Debug|Any CPU.Build.0 = Debug|Any CPU
		{35470870-A81A-4F85-A7CA-D60F38730EF6}.Debug|Mixed Platforms.ActiveCfg = Debug|Any CPU
		{35470870-A81A-4F85-A7CA-D60F38730EF6}.Debug|Mixed Platforms.Build.0 = Debug|Any CPU
		{35470870-A81A-4F85-A7CA-D60F38730EF6}.Debug|x86.ActiveCfg = Debug|Any CPU
		{35470870-A81A-4F85-A7CA-D60F38730EF6}.Release|Any CPU.ActiveCfg = Release|Any CPU
		{35470870-A81A-4F85-A7CA-D60F38730EF6}.Release|Any CPU.Build.0 = Release|Any CPU
		{35470870-A81A-4F85-A7CA-D60F38730EF6}.Release|Mixed Platforms.ActiveCfg = Release|Any CPU
		{35470870-A81A-4F85-A7CA-D60F38730EF6}.Release|Mixed Platforms.Build.0 = Release|Any CPU
		{35470870-A81A-4F85-A7CA-D60F38730EF6}.Release|x86.ActiveCfg = Release|Any CPU
		{50984843-AE3C-43D4-A980-17FA15A1C530}.Debug|Any CPU.ActiveCfg = Debug|Any CPU
		{50984843-AE3C-43D4-A980-17FA15A1C530}.Debug|Any CPU.Build.0 = Debug|Any CPU
		{50984843-AE3C-43D4-A980-17FA15A1C530}.Debug|Mixed Platforms.ActiveCfg = Debug|Any CPU
		{50984843-AE3C-43D4-A980-17FA15A1C530}.Debug|Mixed Platforms.Build.0 = Debug|Any CPU
		{50984843-AE3C-43D4-A980-17FA15A1C530}.Debug|x86.ActiveCfg = Debug|Any CPU
		{50984843-AE3C-43D4-A980-17FA15A1C530}.Release|Any CPU.ActiveCfg = Release|Any CPU
		{50984843-AE3C-43D4-A980-17FA15A1C530}.Release|Any CPU.Build.0 = Release|Any CPU
		{50984843-AE3C-43D4-A980-17FA15A1C530}.Release|Mixed Platforms.ActiveCfg = Release|Any CPU
		{50984843-AE3C-43D4-A980-17FA15A1C530}.Release|Mixed Platforms.Build.0 = Release|Any CPU
		{50984843-AE3C-43D4-A980-17FA15A1C530}.Release|x86.ActiveCfg = Release|Any CPU
		{2757CFED-2809-4B1D-B219-3F83037119CD}.Debug|Any CPU.ActiveCfg = Debug|Any CPU
		{2757CFED-2809-4B1D-B219-3F83037119CD}.Debug|Any CPU.Build.0 = Debug|Any CPU
		{2757CFED-2809-4B1D-B219-3F83037119CD}.Debug|Mixed Platforms.ActiveCfg = Debug|Any CPU
		{2757CFED-2809-4B1D-B219-3F83037119CD}.Debug|Mixed Platforms.Build.0 = Debug|Any CPU
		{2757CFED-2809-4B1D-B219-3F83037119CD}.Debug|x86.ActiveCfg = Debug|Any CPU
		{2757CFED-2809-4B1D-B219-3F83037119CD}.Debug|x86.Build.0 = Debug|Any CPU
		{2757CFED-2809-4B1D-B219-3F83037119CD}.Release|Any CPU.ActiveCfg = Release|Any CPU
		{2757CFED-2809-4B1D-B219-3F83037119CD}.Release|Any CPU.Build.0 = Release|Any CPU
		{2757CFED-2809-4B1D-B219-3F83037119CD}.Release|Mixed Platforms.ActiveCfg = Release|Any CPU
		{2757CFED-2809-4B1D-B219-3F83037119CD}.Release|Mixed Platforms.Build.0 = Release|Any CPU
		{2757CFED-2809-4B1D-B219-3F83037119CD}.Release|x86.ActiveCfg = Release|Any CPU
		{2757CFED-2809-4B1D-B219-3F83037119CD}.Release|x86.Build.0 = Release|Any CPU
	EndGlobalSection
	GlobalSection(SolutionProperties) = preSolution
		HideSolutionNode = FALSE
	EndGlobalSection
	GlobalSection(NestedProjects) = preSolution
		{6AF92874-0EDE-4778-A540-8A21D1E01FDB} = {E682ECA6-34BD-4A49-A413-96DAE261938D}
		{EDA94CF6-E936-49D2-8B6E-90A0CA0AA750} = {A1B3FFC4-05C3-4B2E-92DA-3FBA5D1C1B70}
		{374E2314-F189-4B4A-9737-8546D5DFAD7C} = {B65D92F1-DCB2-4D8F-B435-8143F716D3FC}
		{816C2322-7DEA-465B-B40E-8103BF4E6893} = {B65D92F1-DCB2-4D8F-B435-8143F716D3FC}
		{27C1680E-0472-41A3-AF5E-8E55C70CF373} = {B65D92F1-DCB2-4D8F-B435-8143F716D3FC}
		{91C3C538-1035-4CD9-9F96-5BF10FAFC096} = {10AC5328-F00D-4962-8F47-4A5B3B978565}
		{00579609-27DA-47F7-8EA1-E8352A5D983C} = {D429DE9E-CFD8-4D5C-88CE-58AE590C662C}
		{35470870-A81A-4F85-A7CA-D60F38730EF6} = {D429DE9E-CFD8-4D5C-88CE-58AE590C662C}
		{50984843-AE3C-43D4-A980-17FA15A1C530} = {E46FFF92-732A-4567-8441-BF68E9A6F39A}
		{2757CFED-2809-4B1D-B219-3F83037119CD} = {E682ECA6-34BD-4A49-A413-96DAE261938D}
	EndGlobalSection
EndGlobal
